
Microsoft Visual Studio Solution File, Format Version 12.00
# Visual Studio 14
VisualStudioVersion = 14.0.25123.0
MinimumVisualStudioVersion = 10.0.40219.1
Project("{FAE04EC0-301F-11D3-BF4B-00C04F79EFBC}") = "RegistroWindowsFormsApplication", "RegistroWindowsFormsApplication\RegistroWindowsFormsApplication.csproj", "{4CF83000-ED5D-407D-AEDA-5417F558E6AE}"
EndProject
Project("{FAE04EC0-301F-11D3-BF4B-00C04F79EFBC}") = "DAL", "DAL\DAL.csproj", "{3D85F374-C8D2-4EC4-A920-0DD83B7C79B9}"
EndProject
Global
	GlobalSection(SolutionConfigurationPlatforms) = preSolution
		Debug|Any CPU = Debug|Any CPU
		Release|Any CPU = Release|Any CPU
	EndGlobalSection
	GlobalSection(ProjectConfigurationPlatforms) = postSolution
		{4CF83000-ED5D-407D-AEDA-5417F558E6AE}.Debug|Any CPU.ActiveCfg = Debug|Any CPU
		{4CF83000-ED5D-407D-AEDA-5417F558E6AE}.Debug|Any CPU.Build.0 = Debug|Any CPU
		{4CF83000-ED5D-407D-AEDA-5417F558E6AE}.Release|Any CPU.ActiveCfg = Release|Any CPU
		{4CF83000-ED5D-407D-AEDA-5417F558E6AE}.Release|Any CPU.Build.0 = Release|Any CPU
		{3D85F374-C8D2-4EC4-A920-0DD83B7C79B9}.Debug|Any CPU.ActiveCfg = Debug|Any CPU
		{3D85F374-C8D2-4EC4-A920-0DD83B7C79B9}.Debug|Any CPU.Build.0 = Debug|Any CPU
		{3D85F374-C8D2-4EC4-A920-0DD83B7C79B9}.Release|Any CPU.ActiveCfg = Release|Any CPU
		{3D85F374-C8D2-4EC4-A920-0DD83B7C79B9}.Release|Any CPU.Build.0 = Release|Any CPU
	EndGlobalSection
	GlobalSection(SolutionProperties) = preSolution
		HideSolutionNode = FALSE
	EndGlobalSection
EndGlobal
